// !$*UTF8*$!
{
	archiveVersion = 1;
	classes = {
	};
	objectVersion = 56;
	objects = {

/* Begin PBXBuildFile section */
		A10000000000000000000001 /* RollCallApp.swift in Sources */ = {isa = PBXBuildFile; fileRef = A10000000000000000000101 /* RollCallApp.swift */; };
		A10000000000000000000002 /* Models.swift in Sources */ = {isa = PBXBuildFile; fileRef = A10000000000000000000102 /* Models.swift */; };
		A10000000000000000000003 /* Services.swift in Sources */ = {isa = PBXBuildFile; fileRef = A10000000000000000000103 /* Services.swift */; };
		A10000000000000000000004 /* AppModel.swift in Sources */ = {isa = PBXBuildFile; fileRef = A10000000000000000000104 /* AppModel.swift */; };
		A10000000000000000000005 /* RootView.swift in Sources */ = {isa = PBXBuildFile; fileRef = A10000000000000000000105 /* RootView.swift */; };
		A10000000000000000000006 /* Assets.xcassets in Resources */ = {isa = PBXBuildFile; fileRef = A10000000000000000000106 /* Assets.xcassets */; };
		A10000000000000000000007 /* LaunchScreen.storyboard in Resources */ = {isa = PBXBuildFile; fileRef = A10000000000000000000108 /* LaunchScreen.storyboard */; };
		A10000000000000000000008 /* BuiltInAudio in Resources */ = {isa = PBXBuildFile; fileRef = A10000000000000000000109 /* BuiltInAudio */; };
		A10000000000000000000009 /* BuildEnvironment.swift in Sources */ = {isa = PBXBuildFile; fileRef = A10000000000000000000110 /* BuildEnvironment.swift */; };
		A10000000000000000000010 /* RollCallDocumentIcon-44x58.png in Resources */ = {isa = PBXBuildFile; fileRef = A10000000000000000000111 /* RollCallDocumentIcon-44x58.png */; };
		A10000000000000000000011 /* RollCallDocumentIcon-320x320.png in Resources */ = {isa = PBXBuildFile; fileRef = A10000000000000000000112 /* RollCallDocumentIcon-320x320.png */; };
		A10000000000000000000012 /* AppIcon.icon in Resources */ = {isa = PBXBuildFile; fileRef = FE483C282FE2450F005E77A0 /* AppIcon.icon */; };
		A20000000000000000000001 /* ZIPFoundation in Frameworks */ = {isa = PBXBuildFile; productRef = A20000000000000000000002 /* ZIPFoundation */; };
		A30000000000000000000001 /* RollCallDesignSystem.swift in Sources */ = {isa = PBXBuildFile; fileRef = A30000000000000000000101 /* RollCallDesignSystem.swift */; };
		A30000000000000000000002 /* RollCallColors.swift in Sources */ = {isa = PBXBuildFile; fileRef = A30000000000000000000102 /* RollCallColors.swift */; };
		A30000000000000000000003 /* RollCallTypography.swift in Sources */ = {isa = PBXBuildFile; fileRef = A30000000000000000000103 /* RollCallTypography.swift */; };
		A30000000000000000000004 /* RollCallSpacing.swift in Sources */ = {isa = PBXBuildFile; fileRef = A30000000000000000000104 /* RollCallSpacing.swift */; };
		A30000000000000000000005 /* RollCallButtonStyles.swift in Sources */ = {isa = PBXBuildFile; fileRef = A30000000000000000000105 /* RollCallButtonStyles.swift */; };
		A30000000000000000000006 /* RollCallCardStyles.swift in Sources */ = {isa = PBXBuildFile; fileRef = A30000000000000000000106 /* RollCallCardStyles.swift */; };
		A30000000000000000000007 /* StatusChip.swift in Sources */ = {isa = PBXBuildFile; fileRef = A30000000000000000000107 /* StatusChip.swift */; };
		A30000000000000000000008 /* TeamBanner.swift in Sources */ = {isa = PBXBuildFile; fileRef = A30000000000000000000108 /* TeamBanner.swift */; };
		A40000000000000000000001 /* RollCallTestFixtures.swift in Sources */ = {isa = PBXBuildFile; fileRef = A40000000000000000000101 /* RollCallTestFixtures.swift */; };
		A40000000000000000000002 /* TeamLineupTests.swift in Sources */ = {isa = PBXBuildFile; fileRef = A40000000000000000000102 /* TeamLineupTests.swift */; };
		A40000000000000000000003 /* RosterCSVImportTests.swift in Sources */ = {isa = PBXBuildFile; fileRef = A40000000000000000000103 /* RosterCSVImportTests.swift */; };
		A40000000000000000000004 /* AppStatePersistenceTests.swift in Sources */ = {isa = PBXBuildFile; fileRef = A40000000000000000000104 /* AppStatePersistenceTests.swift */; };
		A40000000000000000000005 /* PackageServiceTests.swift in Sources */ = {isa = PBXBuildFile; fileRef = A40000000000000000000105 /* PackageServiceTests.swift */; };
		A40000000000000000000006 /* ReadinessServiceTests.swift in Sources */ = {isa = PBXBuildFile; fileRef = A40000000000000000000106 /* ReadinessServiceTests.swift */; };
		A40000000000000000000007 /* BackupRestoreTests.swift in Sources */ = {isa = PBXBuildFile; fileRef = A40000000000000000000107 /* BackupRestoreTests.swift */; };
		A40000000000000000000008 /* RootTabStartupTests.swift in Sources */ = {isa = PBXBuildFile; fileRef = A40000000000000000000109 /* RootTabStartupTests.swift */; };
		A40000000000000000000009 /* TeamAppleMusicPlaylistSummaryTests.swift in Sources */ = {isa = PBXBuildFile; fileRef = A40000000000000000000110 /* TeamAppleMusicPlaylistSummaryTests.swift */; };
		A50000000000000000000001 /* MusicRenderProbeModels.swift in Sources */ = {isa = PBXBuildFile; fileRef = A50000000000000000000101 /* MusicRenderProbeModels.swift */; };
		A50000000000000000000002 /* MusicRenderProbeService.swift in Sources */ = {isa = PBXBuildFile; fileRef = A50000000000000000000102 /* MusicRenderProbeService.swift */; };
		A50000000000000000000003 /* MusicRenderProbeView.swift in Sources */ = {isa = PBXBuildFile; fileRef = A50000000000000000000103 /* MusicRenderProbeView.swift */; };
		A60000000000000000000001 /* MusicRenderProbeTests.swift in Sources */ = {isa = PBXBuildFile; fileRef = A60000000000000000000101 /* MusicRenderProbeTests.swift */; };
		A60000000000000000000002 /* SongClipGenerationTests.swift in Sources */ = {isa = PBXBuildFile; fileRef = A60000000000000000000102 /* SongClipGenerationTests.swift */; };
		A60000000000000000000003 /* GeneratedClipCleanupTests.swift in Sources */ = {isa = PBXBuildFile; fileRef = A60000000000000000000103 /* GeneratedClipCleanupTests.swift */; };
		A70000000000000000000001 /* SongClipModels.swift in Sources */ = {isa = PBXBuildFile; fileRef = A70000000000000000000101 /* SongClipModels.swift */; };
		A70000000000000000000002 /* SongClipGenerationService.swift in Sources */ = {isa = PBXBuildFile; fileRef = A70000000000000000000102 /* SongClipGenerationService.swift */; };
		A70000000000000000000003 /* SongClipGenerationQueue.swift in Sources */ = {isa = PBXBuildFile; fileRef = A70000000000000000000103 /* SongClipGenerationQueue.swift */; };
		A70000000000000000000004 /* SongPickerFlow.swift in Sources */ = {isa = PBXBuildFile; fileRef = A70000000000000000000104 /* SongPickerFlow.swift */; };
		A70000000000000000000005 /* SongWaveformService.swift in Sources */ = {isa = PBXBuildFile; fileRef = A70000000000000000000105 /* SongWaveformService.swift */; };
		A70000000000000000000006 /* GeneratedClipCleanupService.swift in Sources */ = {isa = PBXBuildFile; fileRef = A70000000000000000000106 /* GeneratedClipCleanupService.swift */; };
/* End PBXBuildFile section */

/* Begin PBXContainerItemProxy section */
		A40000000000000000000231 /* PBXContainerItemProxy */ = {
			isa = PBXContainerItemProxy;
			containerPortal = A10000000000000000000201 /* Project object */;
			proxyType = 1;
			remoteGlobalIDString = A10000000000000000000211;
			remoteInfo = RollCall;
		};
/* End PBXContainerItemProxy section */

/* Begin PBXFileReference section */
		A10000000000000000000101 /* RollCallApp.swift */ = {isa = PBXFileReference; lastKnownFileType = sourcecode.swift; path = RollCallApp.swift; sourceTree = "<group>"; };
		A10000000000000000000102 /* Models.swift */ = {isa = PBXFileReference; lastKnownFileType = sourcecode.swift; path = Models.swift; sourceTree = "<group>"; };
		A10000000000000000000103 /* Services.swift */ = {isa = PBXFileReference; lastKnownFileType = sourcecode.swift; path = Services.swift; sourceTree = "<group>"; };
		A10000000000000000000104 /* AppModel.swift */ = {isa = PBXFileReference; lastKnownFileType = sourcecode.swift; path = AppModel.swift; sourceTree = "<group>"; };
		A10000000000000000000105 /* RootView.swift */ = {isa = PBXFileReference; lastKnownFileType = sourcecode.swift; path = RootView.swift; sourceTree = "<group>"; };
		A10000000000000000000106 /* Assets.xcassets */ = {isa = PBXFileReference; lastKnownFileType = folder.assetcatalog; path = Assets.xcassets; sourceTree = "<group>"; };
		A10000000000000000000107 /* RollCall.app */ = {isa = PBXFileReference; explicitFileType = wrapper.application; includeInIndex = 0; path = RollCall.app; sourceTree = BUILT_PRODUCTS_DIR; };
		A10000000000000000000108 /* LaunchScreen.storyboard */ = {isa = PBXFileReference; lastKnownFileType = file.storyboard; path = LaunchScreen.storyboard; sourceTree = "<group>"; };
		A10000000000000000000109 /* BuiltInAudio */ = {isa = PBXFileReference; lastKnownFileType = folder; path = BuiltInAudio; sourceTree = "<group>"; };
		A10000000000000000000110 /* BuildEnvironment.swift */ = {isa = PBXFileReference; lastKnownFileType = sourcecode.swift; path = BuildEnvironment.swift; sourceTree = "<group>"; };
		A10000000000000000000111 /* RollCallDocumentIcon-44x58.png */ = {isa = PBXFileReference; lastKnownFileType = image.png; path = "RollCallDocumentIcon-44x58.png"; sourceTree = "<group>"; };
		A10000000000000000000112 /* RollCallDocumentIcon-320x320.png */ = {isa = PBXFileReference; lastKnownFileType = image.png; path = "RollCallDocumentIcon-320x320.png"; sourceTree = "<group>"; };
		A10000000000000000000113 /* Info.plist */ = {isa = PBXFileReference; lastKnownFileType = text.plist.xml; path = Info.plist; sourceTree = "<group>"; };
		A30000000000000000000101 /* RollCallDesignSystem.swift */ = {isa = PBXFileReference; lastKnownFileType = sourcecode.swift; path = RollCallDesignSystem.swift; sourceTree = "<group>"; };
		A30000000000000000000102 /* RollCallColors.swift */ = {isa = PBXFileReference; lastKnownFileType = sourcecode.swift; path = RollCallColors.swift; sourceTree = "<group>"; };
		A30000000000000000000103 /* RollCallTypography.swift */ = {isa = PBXFileReference; lastKnownFileType = sourcecode.swift; path = RollCallTypography.swift; sourceTree = "<group>"; };
		A30000000000000000000104 /* RollCallSpacing.swift */ = {isa = PBXFileReference; lastKnownFileType = sourcecode.swift; path = RollCallSpacing.swift; sourceTree = "<group>"; };
		A30000000000000000000105 /* RollCallButtonStyles.swift */ = {isa = PBXFileReference; lastKnownFileType = sourcecode.swift; path = RollCallButtonStyles.swift; sourceTree = "<group>"; };
		A30000000000000000000106 /* RollCallCardStyles.swift */ = {isa = PBXFileReference; lastKnownFileType = sourcecode.swift; path = RollCallCardStyles.swift; sourceTree = "<group>"; };
		A30000000000000000000107 /* StatusChip.swift */ = {isa = PBXFileReference; lastKnownFileType = sourcecode.swift; path = StatusChip.swift; sourceTree = "<group>"; };
		A30000000000000000000108 /* TeamBanner.swift */ = {isa = PBXFileReference; lastKnownFileType = sourcecode.swift; path = TeamBanner.swift; sourceTree = "<group>"; };
		A40000000000000000000101 /* RollCallTestFixtures.swift */ = {isa = PBXFileReference; lastKnownFileType = sourcecode.swift; path = RollCallTestFixtures.swift; sourceTree = "<group>"; };
		A40000000000000000000102 /* TeamLineupTests.swift */ = {isa = PBXFileReference; lastKnownFileType = sourcecode.swift; path = TeamLineupTests.swift; sourceTree = "<group>"; };
		A40000000000000000000103 /* RosterCSVImportTests.swift */ = {isa = PBXFileReference; lastKnownFileType = sourcecode.swift; path = RosterCSVImportTests.swift; sourceTree = "<group>"; };
		A40000000000000000000104 /* AppStatePersistenceTests.swift */ = {isa = PBXFileReference; lastKnownFileType = sourcecode.swift; path = AppStatePersistenceTests.swift; sourceTree = "<group>"; };
		A40000000000000000000105 /* PackageServiceTests.swift */ = {isa = PBXFileReference; lastKnownFileType = sourcecode.swift; path = PackageServiceTests.swift; sourceTree = "<group>"; };
		A40000000000000000000106 /* ReadinessServiceTests.swift */ = {isa = PBXFileReference; lastKnownFileType = sourcecode.swift; path = ReadinessServiceTests.swift; sourceTree = "<group>"; };
		A40000000000000000000107 /* BackupRestoreTests.swift */ = {isa = PBXFileReference; lastKnownFileType = sourcecode.swift; path = BackupRestoreTests.swift; sourceTree = "<group>"; };
		A40000000000000000000108 /* RollCallTests.xctest */ = {isa = PBXFileReference; explicitFileType = wrapper.cfbundle; includeInIndex = 0; path = RollCallTests.xctest; sourceTree = BUILT_PRODUCTS_DIR; };
		A40000000000000000000109 /* RootTabStartupTests.swift */ = {isa = PBXFileReference; lastKnownFileType = sourcecode.swift; path = RootTabStartupTests.swift; sourceTree = "<group>"; };
		A40000000000000000000110 /* TeamAppleMusicPlaylistSummaryTests.swift */ = {isa = PBXFileReference; lastKnownFileType = sourcecode.swift; path = TeamAppleMusicPlaylistSummaryTests.swift; sourceTree = "<group>"; };
		A50000000000000000000101 /* MusicRenderProbeModels.swift */ = {isa = PBXFileReference; lastKnownFileType = sourcecode.swift; path = MusicRenderProbeModels.swift; sourceTree = "<group>"; };
		A50000000000000000000102 /* MusicRenderProbeService.swift */ = {isa = PBXFileReference; lastKnownFileType = sourcecode.swift; path = MusicRenderProbeService.swift; sourceTree = "<group>"; };
		A50000000000000000000103 /* MusicRenderProbeView.swift */ = {isa = PBXFileReference; lastKnownFileType = sourcecode.swift; path = MusicRenderProbeView.swift; sourceTree = "<group>"; };
		A60000000000000000000101 /* MusicRenderProbeTests.swift */ = {isa = PBXFileReference; lastKnownFileType = sourcecode.swift; path = MusicRenderProbeTests.swift; sourceTree = "<group>"; };
		A60000000000000000000102 /* SongClipGenerationTests.swift */ = {isa = PBXFileReference; lastKnownFileType = sourcecode.swift; path = SongClipGenerationTests.swift; sourceTree = "<group>"; };
		A60000000000000000000103 /* GeneratedClipCleanupTests.swift */ = {isa = PBXFileReference; lastKnownFileType = sourcecode.swift; path = GeneratedClipCleanupTests.swift; sourceTree = "<group>"; };
		A70000000000000000000101 /* SongClipModels.swift */ = {isa = PBXFileReference; lastKnownFileType = sourcecode.swift; path = SongClipModels.swift; sourceTree = "<group>"; };
		A70000000000000000000102 /* SongClipGenerationService.swift */ = {isa = PBXFileReference; lastKnownFileType = sourcecode.swift; path = SongClipGenerationService.swift; sourceTree = "<group>"; };
		A70000000000000000000103 /* SongClipGenerationQueue.swift */ = {isa = PBXFileReference; lastKnownFileType = sourcecode.swift; path = SongClipGenerationQueue.swift; sourceTree = "<group>"; };
		A70000000000000000000104 /* SongPickerFlow.swift */ = {isa = PBXFileReference; lastKnownFileType = sourcecode.swift; path = SongPickerFlow.swift; sourceTree = "<group>"; };
		A70000000000000000000105 /* SongWaveformService.swift */ = {isa = PBXFileReference; lastKnownFileType = sourcecode.swift; path = SongWaveformService.swift; sourceTree = "<group>"; };
		A70000000000000000000106 /* GeneratedClipCleanupService.swift */ = {isa = PBXFileReference; lastKnownFileType = sourcecode.swift; path = GeneratedClipCleanupService.swift; sourceTree = "<group>"; };
		FE483C282FE2450F005E77A0 /* AppIcon.icon */ = {isa = PBXFileReference; lastKnownFileType = folder.iconcomposer.icon; path = AppIcon.icon; sourceTree = "<group>"; };
/* End PBXFileReference section */

/* Begin PBXFrameworksBuildPhase section */
		A10000000000000000000221 /* Frameworks */ = {
			isa = PBXFrameworksBuildPhase;
			buildActionMask = 2147483647;
			files = (
				A20000000000000000000001 /* ZIPFoundation in Frameworks */,
			);
			runOnlyForDeploymentPostprocessing = 0;
		};
		A40000000000000000000221 /* Frameworks */ = {
			isa = PBXFrameworksBuildPhase;
			buildActionMask = 2147483647;
			files = (
			);
			runOnlyForDeploymentPostprocessing = 0;
		};
/* End PBXFrameworksBuildPhase section */

/* Begin PBXGroup section */
		A10000000000000000000141 = {
			isa = PBXGroup;
			children = (
				A10000000000000000000142 /* RollCall */,
				A40000000000000000000142 /* RollCallTests */,
				A10000000000000000000144 /* Products */,
			);
			sourceTree = "<group>";
		};
		A10000000000000000000142 /* RollCall */ = {
			isa = PBXGroup;
			children = (
				FE483C282FE2450F005E77A0 /* AppIcon.icon */,
				A10000000000000000000101 /* RollCallApp.swift */,
				A10000000000000000000102 /* Models.swift */,
				A70000000000000000000101 /* SongClipModels.swift */,
				A70000000000000000000102 /* SongClipGenerationService.swift */,
				A70000000000000000000103 /* SongClipGenerationQueue.swift */,
				A70000000000000000000104 /* SongPickerFlow.swift */,
				A70000000000000000000105 /* SongWaveformService.swift */,
				A70000000000000000000106 /* GeneratedClipCleanupService.swift */,
				A10000000000000000000103 /* Services.swift */,
				A10000000000000000000104 /* AppModel.swift */,
				A10000000000000000000105 /* RootView.swift */,
				A10000000000000000000110 /* BuildEnvironment.swift */,
				A50000000000000000000101 /* MusicRenderProbeModels.swift */,
				A50000000000000000000102 /* MusicRenderProbeService.swift */,
				A50000000000000000000103 /* MusicRenderProbeView.swift */,
				A30000000000000000000142 /* DesignSystem */,
				A10000000000000000000113 /* Info.plist */,
				A10000000000000000000106 /* Assets.xcassets */,
				A10000000000000000000108 /* LaunchScreen.storyboard */,
				A10000000000000000000109 /* BuiltInAudio */,
				A10000000000000000000111 /* RollCallDocumentIcon-44x58.png */,
				A10000000000000000000112 /* RollCallDocumentIcon-320x320.png */,
			);
			path = RollCall;
			sourceTree = "<group>";
		};
		A10000000000000000000144 /* Products */ = {
			isa = PBXGroup;
			children = (
				A10000000000000000000107 /* RollCall.app */,
				A40000000000000000000108 /* RollCallTests.xctest */,
			);
			name = Products;
			sourceTree = "<group>";
		};
		A30000000000000000000142 /* DesignSystem */ = {
			isa = PBXGroup;
			children = (
				A30000000000000000000101 /* RollCallDesignSystem.swift */,
				A30000000000000000000102 /* RollCallColors.swift */,
				A30000000000000000000103 /* RollCallTypography.swift */,
				A30000000000000000000104 /* RollCallSpacing.swift */,
				A30000000000000000000105 /* RollCallButtonStyles.swift */,
				A30000000000000000000106 /* RollCallCardStyles.swift */,
				A30000000000000000000107 /* StatusChip.swift */,
				A30000000000000000000108 /* TeamBanner.swift */,
			);
			path = DesignSystem;
			sourceTree = "<group>";
		};
		A40000000000000000000142 /* RollCallTests */ = {
			isa = PBXGroup;
			children = (
				A40000000000000000000143 /* TestSupport */,
				A40000000000000000000102 /* TeamLineupTests.swift */,
				A40000000000000000000103 /* RosterCSVImportTests.swift */,
				A40000000000000000000104 /* AppStatePersistenceTests.swift */,
				A40000000000000000000105 /* PackageServiceTests.swift */,
				A40000000000000000000106 /* ReadinessServiceTests.swift */,
				A40000000000000000000107 /* BackupRestoreTests.swift */,
				A40000000000000000000109 /* RootTabStartupTests.swift */,
				A40000000000000000000110 /* TeamAppleMusicPlaylistSummaryTests.swift */,
				A60000000000000000000101 /* MusicRenderProbeTests.swift */,
				A60000000000000000000102 /* SongClipGenerationTests.swift */,
				A60000000000000000000103 /* GeneratedClipCleanupTests.swift */,
			);
			path = RollCallTests;
			sourceTree = "<group>";
		};
		A40000000000000000000143 /* TestSupport */ = {
			isa = PBXGroup;
			children = (
				A40000000000000000000101 /* RollCallTestFixtures.swift */,
			);
			path = TestSupport;
			sourceTree = "<group>";
		};
/* End PBXGroup section */

/* Begin PBXNativeTarget section */
		A10000000000000000000211 /* RollCall */ = {
			isa = PBXNativeTarget;
			buildConfigurationList = A10000000000000000000271 /* Build configuration list for PBXNativeTarget "RollCall" */;
			buildPhases = (
				A10000000000000000000223 /* Sources */,
				A10000000000000000000221 /* Frameworks */,
				A10000000000000000000224 /* Resources */,
			);
			buildRules = (
			);
			dependencies = (
			);
			name = RollCall;
			packageProductDependencies = (
				A20000000000000000000002 /* ZIPFoundation */,
			);
			productName = RollCall;
			productReference = A10000000000000000000107 /* RollCall.app */;
			productType = "com.apple.product-type.application";
		};
		A40000000000000000000211 /* RollCallTests */ = {
			isa = PBXNativeTarget;
			buildConfigurationList = A40000000000000000000271 /* Build configuration list for PBXNativeTarget "RollCallTests" */;
			buildPhases = (
				A40000000000000000000223 /* Sources */,
				A40000000000000000000221 /* Frameworks */,
			);
			buildRules = (
			);
			dependencies = (
				A40000000000000000000232 /* PBXTargetDependency */,
			);
			name = RollCallTests;
			packageProductDependencies = (
			);
			productName = RollCallTests;
			productReference = A40000000000000000000108 /* RollCallTests.xctest */;
			productType = "com.apple.product-type.bundle.unit-test";
		};
/* End PBXNativeTarget section */

/* Begin PBXProject section */
		A10000000000000000000201 /* Project object */ = {
			isa = PBXProject;
			attributes = {
				BuildIndependentTargetsInParallel = 1;
				LastSwiftUpdateCheck = 2600;
				LastUpgradeCheck = 2650;
				TargetAttributes = {
					A10000000000000000000211 = {
						CreatedOnToolsVersion = 26.4.1;
					};
					A40000000000000000000211 = {
						CreatedOnToolsVersion = 26.4.1;
						TestTargetID = A10000000000000000000211;
					};
				};
			};
			buildConfigurationList = A10000000000000000000270 /* Build configuration list for PBXProject "RollCall" */;
			compatibilityVersion = "Xcode 14.0";
			developmentRegion = en;
			hasScannedForEncodings = 0;
			knownRegions = (
				en,
				Base,
			);
			mainGroup = A10000000000000000000141;
			packageReferences = (
				A20000000000000000000003 /* XCRemoteSwiftPackageReference "ZIPFoundation" */,
			);
			productRefGroup = A10000000000000000000144 /* Products */;
			projectDirPath = "";
			projectRoot = "";
			targets = (
				A10000000000000000000211 /* RollCall */,
				A40000000000000000000211 /* RollCallTests */,
			);
		};
/* End PBXProject section */

/* Begin PBXResourcesBuildPhase section */
		A10000000000000000000224 /* Resources */ = {
			isa = PBXResourcesBuildPhase;
			buildActionMask = 2147483647;
			files = (
				A10000000000000000000006 /* Assets.xcassets in Resources */,
				A10000000000000000000007 /* LaunchScreen.storyboard in Resources */,
				A10000000000000000000008 /* BuiltInAudio in Resources */,
				A10000000000000000000010 /* RollCallDocumentIcon-44x58.png in Resources */,
				A10000000000000000000011 /* RollCallDocumentIcon-320x320.png in Resources */,
				A10000000000000000000012 /* AppIcon.icon in Resources */,
			);
			runOnlyForDeploymentPostprocessing = 0;
		};
/* End PBXResourcesBuildPhase section */

/* Begin PBXSourcesBuildPhase section */
		A10000000000000000000223 /* Sources */ = {
			isa = PBXSourcesBuildPhase;
			buildActionMask = 2147483647;
			files = (
				A10000000000000000000001 /* RollCallApp.swift in Sources */,
				A10000000000000000000002 /* Models.swift in Sources */,
				A70000000000000000000001 /* SongClipModels.swift in Sources */,
				A70000000000000000000002 /* SongClipGenerationService.swift in Sources */,
				A70000000000000000000003 /* SongClipGenerationQueue.swift in Sources */,
				A70000000000000000000004 /* SongPickerFlow.swift in Sources */,
				A70000000000000000000005 /* SongWaveformService.swift in Sources */,
				A70000000000000000000006 /* GeneratedClipCleanupService.swift in Sources */,
				A10000000000000000000003 /* Services.swift in Sources */,
				A10000000000000000000004 /* AppModel.swift in Sources */,
				A10000000000000000000005 /* RootView.swift in Sources */,
				A10000000000000000000009 /* BuildEnvironment.swift in Sources */,
				A50000000000000000000001 /* MusicRenderProbeModels.swift in Sources */,
				A50000000000000000000002 /* MusicRenderProbeService.swift in Sources */,
				A50000000000000000000003 /* MusicRenderProbeView.swift in Sources */,
				A30000000000000000000001 /* RollCallDesignSystem.swift in Sources */,
				A30000000000000000000002 /* RollCallColors.swift in Sources */,
				A30000000000000000000003 /* RollCallTypography.swift in Sources */,
				A30000000000000000000004 /* RollCallSpacing.swift in Sources */,
				A30000000000000000000005 /* RollCallButtonStyles.swift in Sources */,
				A30000000000000000000006 /* RollCallCardStyles.swift in Sources */,
				A30000000000000000000007 /* StatusChip.swift in Sources */,
				A30000000000000000000008 /* TeamBanner.swift in Sources */,
			);
			runOnlyForDeploymentPostprocessing = 0;
		};
		A40000000000000000000223 /* Sources */ = {
			isa = PBXSourcesBuildPhase;
			buildActionMask = 2147483647;
			files = (
				A40000000000000000000001 /* RollCallTestFixtures.swift in Sources */,
				A40000000000000000000002 /* TeamLineupTests.swift in Sources */,
				A40000000000000000000003 /* RosterCSVImportTests.swift in Sources */,
				A40000000000000000000004 /* AppStatePersistenceTests.swift in Sources */,
				A40000000000000000000005 /* PackageServiceTests.swift in Sources */,
				A40000000000000000000006 /* ReadinessServiceTests.swift in Sources */,
				A40000000000000000000007 /* BackupRestoreTests.swift in Sources */,
				A40000000000000000000008 /* RootTabStartupTests.swift in Sources */,
				A40000000000000000000009 /* TeamAppleMusicPlaylistSummaryTests.swift in Sources */,
				A60000000000000000000001 /* MusicRenderProbeTests.swift in Sources */,
				A60000000000000000000002 /* SongClipGenerationTests.swift in Sources */,
				A60000000000000000000003 /* GeneratedClipCleanupTests.swift in Sources */,
			);
			runOnlyForDeploymentPostprocessing = 0;
		};
/* End PBXSourcesBuildPhase section */

/* Begin PBXTargetDependency section */
		A40000000000000000000232 /* PBXTargetDependency */ = {
			isa = PBXTargetDependency;
			target = A10000000000000000000211 /* RollCall */;
			targetProxy = A40000000000000000000231 /* PBXContainerItemProxy */;
		};
/* End PBXTargetDependency section */

/* Begin XCBuildConfiguration section */
		A10000000000000000000251 /* Debug */ = {
			isa = XCBuildConfiguration;
			buildSettings = {
				ALWAYS_SEARCH_USER_PATHS = NO;
				CLANG_ENABLE_MODULES = YES;
				CLANG_ENABLE_OBJC_ARC = YES;
				CLANG_WARN_BLOCK_CAPTURE_AUTORELEASING = YES;
				CLANG_WARN_BOOL_CONVERSION = YES;
				CLANG_WARN_COMMA = YES;
				CLANG_WARN_CONSTANT_CONVERSION = YES;
				CLANG_WARN_DEPRECATED_OBJC_IMPLEMENTATIONS = YES;
				CLANG_WARN_EMPTY_BODY = YES;
				CLANG_WARN_ENUM_CONVERSION = YES;
				CLANG_WARN_INFINITE_RECURSION = YES;
				CLANG_WARN_INT_CONVERSION = YES;
				CLANG_WARN_NON_LITERAL_NULL_CONVERSION = YES;
				CLANG_WARN_OBJC_IMPLICIT_RETAIN_SELF = YES;
				CLANG_WARN_OBJC_LITERAL_CONVERSION = YES;
				CLANG_WARN_QUOTED_INCLUDE_IN_FRAMEWORK_HEADER = YES;
				CLANG_WARN_RANGE_LOOP_ANALYSIS = YES;
				CLANG_WARN_STRICT_PROTOTYPES = YES;
				CLANG_WARN_SUSPICIOUS_MOVE = YES;
				CLANG_WARN_UNREACHABLE_CODE = YES;
				CLANG_WARN__DUPLICATE_METHOD_MATCH = YES;
				DEBUG_INFORMATION_FORMAT = dwarf;
				DEVELOPMENT_TEAM = 5Y9T5WZ4J3;
				ENABLE_STRICT_OBJC_MSGSEND = YES;
				ENABLE_TESTABILITY = YES;
				ENABLE_USER_SCRIPT_SANDBOXING = YES;
				GCC_NO_COMMON_BLOCKS = YES;
				GCC_WARN_64_TO_32_BIT_CONVERSION = YES;
				GCC_WARN_ABOUT_RETURN_TYPE = YES;
				GCC_WARN_UNDECLARED_SELECTOR = YES;
				GCC_WARN_UNINITIALIZED_AUTOS = YES;
				GCC_WARN_UNUSED_FUNCTION = YES;
				GCC_WARN_UNUSED_VARIABLE = YES;
				GENERATE_INFOPLIST_FILE = YES;
				IPHONEOS_DEPLOYMENT_TARGET = 17.0;
				ONLY_ACTIVE_ARCH = YES;
				SDKROOT = iphoneos;
				STRING_CATALOG_GENERATE_SYMBOLS = YES;
				SUPPORTED_PLATFORMS = "iphonesimulator iphoneos";
				SWIFT_ACTIVE_COMPILATION_CONDITIONS = DEBUG;
				SWIFT_OPTIMIZATION_LEVEL = "-Onone";
			};
			name = Debug;
		};
		A10000000000000000000252 /* Release */ = {
			isa = XCBuildConfiguration;
			buildSettings = {
				ALWAYS_SEARCH_USER_PATHS = NO;
				CLANG_ENABLE_MODULES = YES;
				CLANG_ENABLE_OBJC_ARC = YES;
				CLANG_WARN_BLOCK_CAPTURE_AUTORELEASING = YES;
				CLANG_WARN_BOOL_CONVERSION = YES;
				CLANG_WARN_COMMA = YES;
				CLANG_WARN_CONSTANT_CONVERSION = YES;
				CLANG_WARN_DEPRECATED_OBJC_IMPLEMENTATIONS = YES;
				CLANG_WARN_EMPTY_BODY = YES;
				CLANG_WARN_ENUM_CONVERSION = YES;
				CLANG_WARN_INFINITE_RECURSION = YES;
				CLANG_WARN_INT_CONVERSION = YES;
				CLANG_WARN_NON_LITERAL_NULL_CONVERSION = YES;
				CLANG_WARN_OBJC_IMPLICIT_RETAIN_SELF = YES;
				CLANG_WARN_OBJC_LITERAL_CONVERSION = YES;
				CLANG_WARN_QUOTED_INCLUDE_IN_FRAMEWORK_HEADER = YES;
				CLANG_WARN_RANGE_LOOP_ANALYSIS = YES;
				CLANG_WARN_STRICT_PROTOTYPES = YES;
				CLANG_WARN_SUSPICIOUS_MOVE = YES;
				CLANG_WARN_UNREACHABLE_CODE = YES;
				CLANG_WARN__DUPLICATE_METHOD_MATCH = YES;
				DEBUG_INFORMATION_FORMAT = "dwarf-with-dsym";
				DEVELOPMENT_TEAM = 5Y9T5WZ4J3;
				ENABLE_STRICT_OBJC_MSGSEND = YES;
				ENABLE_USER_SCRIPT_SANDBOXING = YES;
				GCC_NO_COMMON_BLOCKS = YES;
				GCC_WARN_64_TO_32_BIT_CONVERSION = YES;
				GCC_WARN_ABOUT_RETURN_TYPE = YES;
				GCC_WARN_UNDECLARED_SELECTOR = YES;
				GCC_WARN_UNINITIALIZED_AUTOS = YES;
				GCC_WARN_UNUSED_FUNCTION = YES;
				GCC_WARN_UNUSED_VARIABLE = YES;
				GENERATE_INFOPLIST_FILE = YES;
				IPHONEOS_DEPLOYMENT_TARGET = 17.0;
				ONLY_ACTIVE_ARCH = YES;
				SDKROOT = iphoneos;
				STRING_CATALOG_GENERATE_SYMBOLS = YES;
				SUPPORTED_PLATFORMS = "iphonesimulator iphoneos";
				SWIFT_COMPILATION_MODE = wholemodule;
				SWIFT_OPTIMIZATION_LEVEL = "-O";
			};
			name = Release;
		};
		A10000000000000000000253 /* Internal */ = {
			isa = XCBuildConfiguration;
			buildSettings = {
				ALWAYS_SEARCH_USER_PATHS = NO;
				CLANG_ENABLE_MODULES = YES;
				CLANG_ENABLE_OBJC_ARC = YES;
				CLANG_WARN_BLOCK_CAPTURE_AUTORELEASING = YES;
				CLANG_WARN_BOOL_CONVERSION = YES;
				CLANG_WARN_COMMA = YES;
				CLANG_WARN_CONSTANT_CONVERSION = YES;
				CLANG_WARN_DEPRECATED_OBJC_IMPLEMENTATIONS = YES;
				CLANG_WARN_EMPTY_BODY = YES;
				CLANG_WARN_ENUM_CONVERSION = YES;
				CLANG_WARN_INFINITE_RECURSION = YES;
				CLANG_WARN_INT_CONVERSION = YES;
				CLANG_WARN_NON_LITERAL_NULL_CONVERSION = YES;
				CLANG_WARN_OBJC_IMPLICIT_RETAIN_SELF = YES;
				CLANG_WARN_OBJC_LITERAL_CONVERSION = YES;
				CLANG_WARN_QUOTED_INCLUDE_IN_FRAMEWORK_HEADER = YES;
				CLANG_WARN_RANGE_LOOP_ANALYSIS = YES;
				CLANG_WARN_STRICT_PROTOTYPES = YES;
				CLANG_WARN_SUSPICIOUS_MOVE = YES;
				CLANG_WARN_UNREACHABLE_CODE = YES;
				CLANG_WARN__DUPLICATE_METHOD_MATCH = YES;
				DEBUG_INFORMATION_FORMAT = "dwarf-with-dsym";
				DEVELOPMENT_TEAM = 5Y9T5WZ4J3;
				ENABLE_STRICT_OBJC_MSGSEND = YES;
				ENABLE_USER_SCRIPT_SANDBOXING = YES;
				GCC_NO_COMMON_BLOCKS = YES;
				GCC_WARN_64_TO_32_BIT_CONVERSION = YES;
				GCC_WARN_ABOUT_RETURN_TYPE = YES;
				GCC_WARN_UNDECLARED_SELECTOR = YES;
				GCC_WARN_UNINITIALIZED_AUTOS = YES;
				GCC_WARN_UNUSED_FUNCTION = YES;
				GCC_WARN_UNUSED_VARIABLE = YES;
				GENERATE_INFOPLIST_FILE = YES;
				IPHONEOS_DEPLOYMENT_TARGET = 17.0;
				ONLY_ACTIVE_ARCH = YES;
				SDKROOT = iphoneos;
				STRING_CATALOG_GENERATE_SYMBOLS = YES;
				SUPPORTED_PLATFORMS = "iphonesimulator iphoneos";
				SWIFT_ACTIVE_COMPILATION_CONDITIONS = INTERNAL;
				SWIFT_COMPILATION_MODE = wholemodule;
				SWIFT_OPTIMIZATION_LEVEL = "-O";
			};
			name = Internal;
		};
		A10000000000000000000261 /* Debug */ = {
			isa = XCBuildConfiguration;
			buildSettings = {
				ASSETCATALOG_COMPILER_APPICON_NAME = AppIcon;
				ASSETCATALOG_COMPILER_GLOBAL_ACCENT_COLOR_NAME = AccentColor;
				ASSETCATALOG_COMPILER_INCLUDE_ALL_APPICON_ASSETS = YES;
				CODE_SIGN_STYLE = Automatic;
				CURRENT_PROJECT_VERSION = 79;
				DEVELOPMENT_TEAM = 5Y9T5WZ4J3;
				ENABLE_DEBUG_DYLIB = NO;
				ENABLE_PREVIEWS = NO;
				GENERATE_INFOPLIST_FILE = NO;
				INFOPLIST_FILE = RollCall/Info.plist;
				INFOPLIST_KEY_LSApplicationCategoryType = "public.app-category.sports";
				MARKETING_VERSION = 1.2.2;
				PRODUCT_BUNDLE_IDENTIFIER = com.jkfisher.rollcall;
				PRODUCT_NAME = "$(TARGET_NAME)";
				SUPPORTED_PLATFORMS = "iphonesimulator iphoneos";
				SWIFT_VERSION = 6.0;
				TARGETED_DEVICE_FAMILY = 1;
			};
			name = Debug;
		};
		A10000000000000000000262 /* Release */ = {
			isa = XCBuildConfiguration;
			buildSettings = {
				ASSETCATALOG_COMPILER_APPICON_NAME = AppIcon;
				ASSETCATALOG_COMPILER_GLOBAL_ACCENT_COLOR_NAME = AccentColor;
				ASSETCATALOG_COMPILER_INCLUDE_ALL_APPICON_ASSETS = YES;
				CODE_SIGN_STYLE = Automatic;
				CURRENT_PROJECT_VERSION = 79;
				DEVELOPMENT_TEAM = 5Y9T5WZ4J3;
				ENABLE_DEBUG_DYLIB = NO;
				ENABLE_PREVIEWS = NO;
				GENERATE_INFOPLIST_FILE = NO;
				INFOPLIST_FILE = RollCall/Info.plist;
				INFOPLIST_KEY_LSApplicationCategoryType = "public.app-category.sports";
				MARKETING_VERSION = 1.2.2;
				PRODUCT_BUNDLE_IDENTIFIER = com.jkfisher.rollcall;
				PRODUCT_NAME = "$(TARGET_NAME)";
				SUPPORTED_PLATFORMS = "iphonesimulator iphoneos";
				SWIFT_VERSION = 6.0;
				TARGETED_DEVICE_FAMILY = 1;
			};
			name = Release;
		};
		A10000000000000000000263 /* Internal */ = {
			isa = XCBuildConfiguration;
			buildSettings = {
				ASSETCATALOG_COMPILER_APPICON_NAME = AppIcon;
				ASSETCATALOG_COMPILER_GLOBAL_ACCENT_COLOR_NAME = AccentColor;
				ASSETCATALOG_COMPILER_INCLUDE_ALL_APPICON_ASSETS = YES;
				CODE_SIGN_STYLE = Automatic;
				CURRENT_PROJECT_VERSION = 79;
				DEVELOPMENT_TEAM = 5Y9T5WZ4J3;
				ENABLE_DEBUG_DYLIB = NO;
				ENABLE_PREVIEWS = NO;
				GENERATE_INFOPLIST_FILE = NO;
				INFOPLIST_FILE = RollCall/Info.plist;
				INFOPLIST_KEY_LSApplicationCategoryType = "public.app-category.sports";
				MARKETING_VERSION = 1.2.2;
				PRODUCT_BUNDLE_IDENTIFIER = com.jkfisher.rollcall;
				PRODUCT_NAME = "$(TARGET_NAME)";
				SUPPORTED_PLATFORMS = "iphonesimulator iphoneos";
				SWIFT_ACTIVE_COMPILATION_CONDITIONS = INTERNAL;
				SWIFT_VERSION = 6.0;
				TARGETED_DEVICE_FAMILY = 1;
			};
			name = Internal;
		};
		A40000000000000000000261 /* Debug */ = {
			isa = XCBuildConfiguration;
			buildSettings = {
				BUNDLE_LOADER = "$(TEST_HOST)";
				CODE_SIGN_STYLE = Automatic;
				CURRENT_PROJECT_VERSION = 1;
				DEVELOPMENT_TEAM = 5Y9T5WZ4J3;
				GENERATE_INFOPLIST_FILE = YES;
				IPHONEOS_DEPLOYMENT_TARGET = 17.0;
				LD_RUNPATH_SEARCH_PATHS = (
					"$(inherited)",
					"@executable_path/Frameworks",
					"@loader_path/Frameworks",
				);
				MARKETING_VERSION = 1.0;
				PRODUCT_BUNDLE_IDENTIFIER = com.jkfisher.rollcall.tests;
				PRODUCT_NAME = "$(TARGET_NAME)";
				SUPPORTED_PLATFORMS = "iphonesimulator iphoneos";
				SWIFT_VERSION = 6.0;
				TARGETED_DEVICE_FAMILY = 1;
				TEST_HOST = "$(BUILT_PRODUCTS_DIR)/RollCall.app/$(BUNDLE_EXECUTABLE_FOLDER_PATH)/RollCall";
			};
			name = Debug;
		};
		A40000000000000000000262 /* Release */ = {
			isa = XCBuildConfiguration;
			buildSettings = {
				BUNDLE_LOADER = "$(TEST_HOST)";
				CODE_SIGN_STYLE = Automatic;
				CURRENT_PROJECT_VERSION = 1;
				DEVELOPMENT_TEAM = 5Y9T5WZ4J3;
				GENERATE_INFOPLIST_FILE = YES;
				IPHONEOS_DEPLOYMENT_TARGET = 17.0;
				LD_RUNPATH_SEARCH_PATHS = (
					"$(inherited)",
					"@executable_path/Frameworks",
					"@loader_path/Frameworks",
				);
				MARKETING_VERSION = 1.0;
				PRODUCT_BUNDLE_IDENTIFIER = com.jkfisher.rollcall.tests;
				PRODUCT_NAME = "$(TARGET_NAME)";
				SUPPORTED_PLATFORMS = "iphonesimulator iphoneos";
				SWIFT_VERSION = 6.0;
				TARGETED_DEVICE_FAMILY = 1;
				TEST_HOST = "$(BUILT_PRODUCTS_DIR)/RollCall.app/$(BUNDLE_EXECUTABLE_FOLDER_PATH)/RollCall";
			};
			name = Release;
		};
		A40000000000000000000263 /* Internal */ = {
			isa = XCBuildConfiguration;
			buildSettings = {
				BUNDLE_LOADER = "$(TEST_HOST)";
				CODE_SIGN_STYLE = Automatic;
				CURRENT_PROJECT_VERSION = 1;
				DEVELOPMENT_TEAM = 5Y9T5WZ4J3;
				GENERATE_INFOPLIST_FILE = YES;
				IPHONEOS_DEPLOYMENT_TARGET = 17.0;
				LD_RUNPATH_SEARCH_PATHS = (
					"$(inherited)",
					"@executable_path/Frameworks",
					"@loader_path/Frameworks",
				);
				MARKETING_VERSION = 1.0;
				PRODUCT_BUNDLE_IDENTIFIER = com.jkfisher.rollcall.tests;
				PRODUCT_NAME = "$(TARGET_NAME)";
				SUPPORTED_PLATFORMS = "iphonesimulator iphoneos";
				SWIFT_ACTIVE_COMPILATION_CONDITIONS = INTERNAL;
				SWIFT_VERSION = 6.0;
				TARGETED_DEVICE_FAMILY = 1;
				TEST_HOST = "$(BUILT_PRODUCTS_DIR)/RollCall.app/$(BUNDLE_EXECUTABLE_FOLDER_PATH)/RollCall";
			};
			name = Internal;
		};
/* End XCBuildConfiguration section */

/* Begin XCConfigurationList section */
		A10000000000000000000270 /* Build configuration list for PBXProject "RollCall" */ = {
			isa = XCConfigurationList;
			buildConfigurations = (
				A10000000000000000000251 /* Debug */,
				A10000000000000000000253 /* Internal */,
				A10000000000000000000252 /* Release */,
			);
			defaultConfigurationIsVisible = 0;
			defaultConfigurationName = Release;
		};
		A10000000000000000000271 /* Build configuration list for PBXNativeTarget "RollCall" */ = {
			isa = XCConfigurationList;
			buildConfigurations = (
				A10000000000000000000261 /* Debug */,
				A10000000000000000000263 /* Internal */,
				A10000000000000000000262 /* Release */,
			);
			defaultConfigurationIsVisible = 0;
			defaultConfigurationName = Release;
		};
		A40000000000000000000271 /* Build configuration list for PBXNativeTarget "RollCallTests" */ = {
			isa = XCConfigurationList;
			buildConfigurations = (
				A40000000000000000000261 /* Debug */,
				A40000000000000000000263 /* Internal */,
				A40000000000000000000262 /* Release */,
			);
			defaultConfigurationIsVisible = 0;
			defaultConfigurationName = Debug;
		};
/* End XCConfigurationList section */

/* Begin XCRemoteSwiftPackageReference section */
		A20000000000000000000003 /* XCRemoteSwiftPackageReference "ZIPFoundation" */ = {
			isa = XCRemoteSwiftPackageReference;
			repositoryURL = "https://github.com/weichsel/ZIPFoundation.git";
			requirement = {
				kind = upToNextMajorVersion;
				minimumVersion = 0.9.0;
			};
		};
/* End XCRemoteSwiftPackageReference section */

/* Begin XCSwiftPackageProductDependency section */
		A20000000000000000000002 /* ZIPFoundation */ = {
			isa = XCSwiftPackageProductDependency;
			package = A20000000000000000000003 /* XCRemoteSwiftPackageReference "ZIPFoundation" */;
			productName = ZIPFoundation;
		};
/* End XCSwiftPackageProductDependency section */
	};
	rootObject = A10000000000000000000201 /* Project object */;
}
